
Microsoft Visual Studio Solution File, Format Version 12.00
Project("{2150E333-8FDC-42A3-9474-1A3956D46DE8}") = "src", "src", "{D0AF7C4D-1B9E-44F6-AAFD-428A98AA392F}"
EndProject
Project("{2150E333-8FDC-42A3-9474-1A3956D46DE8}") = "Building Blocks", "Building Blocks", "{E5CD6013-A5AD-4AB8-ADAC-6F949B59B530}"
EndProject
Project("{2150E333-8FDC-42A3-9474-1A3956D46DE8}") = "Services", "Services", "{237AF193-F43E-4C30-8790-D4638FDB5BD4}"
EndProject
Project("{2150E333-8FDC-42A3-9474-1A3956D46DE8}") = "Web", "Web", "{78C7F740-A1F9-4D8E-B0B0-B451F67A000F}"
EndProject
Project("{2150E333-8FDC-42A3-9474-1A3956D46DE8}") = "Identity", "Identity", "{651AA49D-E7AE-4F49-B9F8-03B1F33F7220}"
EndProject
Project("{FAE04EC0-301F-11D3-BF4B-00C04F79EFBC}") = "NSE.Identity.API", "src\services\NSE.Identity.API\NSE.Identity.API.csproj", "{B846A0FD-7730-4967-9E65-6E6483F98F93}"
EndProject
Project("{2150E333-8FDC-42A3-9474-1A3956D46DE8}") = "MVC", "MVC", "{1AEBBFAA-E88A-4C09-B365-1EEDCD8DF25A}"
EndProject
Project("{FAE04EC0-301F-11D3-BF4B-00C04F79EFBC}") = "NSE.WebApp.MVC", "src\web\NSE.WebApp.MVC\NSE.WebApp.MVC.csproj", "{525DE2DC-5631-4255-B9D7-3934435EC4C8}"
EndProject
Project("{2150E333-8FDC-42A3-9474-1A3956D46DE8}") = "Core", "Core", "{04E9A783-FDDA-4ABD-97E8-4BE936B65ACC}"
EndProject
Project("{FAE04EC0-301F-11D3-BF4B-00C04F79EFBC}") = "NSE.Core", "src\building blocks\NSE.Core\NSE.Core.csproj", "{2B40B5D1-799F-4DFF-98D4-BED6CC61B954}"
EndProject
Project("{2150E333-8FDC-42A3-9474-1A3956D46DE8}") = "Catalog", "Catalog", "{6D4F2DED-0F02-4424-815D-C56828130856}"
EndProject
Project("{2150E333-8FDC-42A3-9474-1A3956D46DE8}") = "Billing", "Billing", "{74F749F2-D67E-4B94-A4AD-54573A318B62}"
EndProject
Project("{2150E333-8FDC-42A3-9474-1A3956D46DE8}") = "Orders", "Orders", "{F27D8609-EC59-4133-B552-08B4429DF1C3}"
EndProject
Project("{2150E333-8FDC-42A3-9474-1A3956D46DE8}") = "Customers", "Customers", "{F9919A19-3C6C-4C85-82FA-126DB0D6307F}"
EndProject
Project("{2150E333-8FDC-42A3-9474-1A3956D46DE8}") = "ShoppingCart", "ShoppingCart", "{AB9A74B5-03A6-4DB6-9856-1416FF999F2D}"
EndProject
Project("{FAE04EC0-301F-11D3-BF4B-00C04F79EFBC}") = "NSE.Catalog.API", "src\services\NSE.Catalog.API\NSE.Catalog.API.csproj", "{AB44FD4D-C52B-4FF9-B895-7A147A060C20}"
EndProject
Project("{FAE04EC0-301F-11D3-BF4B-00C04F79EFBC}") = "NSE.Customers.API", "src\services\NSE.Customers.API\NSE.Customers.API.csproj", "{3A503228-DE5F-4895-9C75-DB4604F1D04A}"
EndProject
Project("{FAE04EC0-301F-11D3-BF4B-00C04F79EFBC}") = "NSE.Orders.API", "src\services\NSE.Orders.API\NSE.Orders.API.csproj", "{0A629A69-8E89-4E52-B633-9FA3FB842BC7}"
EndProject
Project("{FAE04EC0-301F-11D3-BF4B-00C04F79EFBC}") = "NSE.ShoppingCart.API", "src\services\NSE.ShoppingCart.API\NSE.ShoppingCart.API.csproj", "{E6925AD1-C497-468C-A9C9-76F583415D9C}"
EndProject
Project("{FAE04EC0-301F-11D3-BF4B-00C04F79EFBC}") = "NSE.Billing.API", "src\services\NSE.Billing.API\NSE.Billing.API.csproj", "{88046068-168D-41A4-B23B-09A60CC9AF05}"
EndProject
Global
	GlobalSection(SolutionConfigurationPlatforms) = preSolution
		Debug|Any CPU = Debug|Any CPU
		Release|Any CPU = Release|Any CPU
	EndGlobalSection
	GlobalSection(NestedProjects) = preSolution
		{E5CD6013-A5AD-4AB8-ADAC-6F949B59B530} = {D0AF7C4D-1B9E-44F6-AAFD-428A98AA392F}
		{237AF193-F43E-4C30-8790-D4638FDB5BD4} = {D0AF7C4D-1B9E-44F6-AAFD-428A98AA392F}
		{78C7F740-A1F9-4D8E-B0B0-B451F67A000F} = {D0AF7C4D-1B9E-44F6-AAFD-428A98AA392F}
		{651AA49D-E7AE-4F49-B9F8-03B1F33F7220} = {237AF193-F43E-4C30-8790-D4638FDB5BD4}
		{B846A0FD-7730-4967-9E65-6E6483F98F93} = {651AA49D-E7AE-4F49-B9F8-03B1F33F7220}
		{1AEBBFAA-E88A-4C09-B365-1EEDCD8DF25A} = {78C7F740-A1F9-4D8E-B0B0-B451F67A000F}
		{525DE2DC-5631-4255-B9D7-3934435EC4C8} = {1AEBBFAA-E88A-4C09-B365-1EEDCD8DF25A}
		{04E9A783-FDDA-4ABD-97E8-4BE936B65ACC} = {E5CD6013-A5AD-4AB8-ADAC-6F949B59B530}
		{2B40B5D1-799F-4DFF-98D4-BED6CC61B954} = {04E9A783-FDDA-4ABD-97E8-4BE936B65ACC}
		{6D4F2DED-0F02-4424-815D-C56828130856} = {237AF193-F43E-4C30-8790-D4638FDB5BD4}
		{74F749F2-D67E-4B94-A4AD-54573A318B62} = {237AF193-F43E-4C30-8790-D4638FDB5BD4}
		{F27D8609-EC59-4133-B552-08B4429DF1C3} = {237AF193-F43E-4C30-8790-D4638FDB5BD4}
		{F9919A19-3C6C-4C85-82FA-126DB0D6307F} = {237AF193-F43E-4C30-8790-D4638FDB5BD4}
		{AB9A74B5-03A6-4DB6-9856-1416FF999F2D} = {237AF193-F43E-4C30-8790-D4638FDB5BD4}
		{AB44FD4D-C52B-4FF9-B895-7A147A060C20} = {6D4F2DED-0F02-4424-815D-C56828130856}
		{3A503228-DE5F-4895-9C75-DB4604F1D04A} = {F9919A19-3C6C-4C85-82FA-126DB0D6307F}
		{0A629A69-8E89-4E52-B633-9FA3FB842BC7} = {F27D8609-EC59-4133-B552-08B4429DF1C3}
		{E6925AD1-C497-468C-A9C9-76F583415D9C} = {AB9A74B5-03A6-4DB6-9856-1416FF999F2D}
		{88046068-168D-41A4-B23B-09A60CC9AF05} = {74F749F2-D67E-4B94-A4AD-54573A318B62}
	EndGlobalSection
	GlobalSection(ProjectConfigurationPlatforms) = postSolution
		{B846A0FD-7730-4967-9E65-6E6483F98F93}.Debug|Any CPU.ActiveCfg = Debug|Any CPU
		{B846A0FD-7730-4967-9E65-6E6483F98F93}.Debug|Any CPU.Build.0 = Debug|Any CPU
		{B846A0FD-7730-4967-9E65-6E6483F98F93}.Release|Any CPU.ActiveCfg = Release|Any CPU
		{B846A0FD-7730-4967-9E65-6E6483F98F93}.Release|Any CPU.Build.0 = Release|Any CPU
		{525DE2DC-5631-4255-B9D7-3934435EC4C8}.Debug|Any CPU.ActiveCfg = Debug|Any CPU
		{525DE2DC-5631-4255-B9D7-3934435EC4C8}.Debug|Any CPU.Build.0 = Debug|Any CPU
		{525DE2DC-5631-4255-B9D7-3934435EC4C8}.Release|Any CPU.ActiveCfg = Release|Any CPU
		{525DE2DC-5631-4255-B9D7-3934435EC4C8}.Release|Any CPU.Build.0 = Release|Any CPU
		{2B40B5D1-799F-4DFF-98D4-BED6CC61B954}.Debug|Any CPU.ActiveCfg = Debug|Any CPU
		{2B40B5D1-799F-4DFF-98D4-BED6CC61B954}.Debug|Any CPU.Build.0 = Debug|Any CPU
		{2B40B5D1-799F-4DFF-98D4-BED6CC61B954}.Release|Any CPU.ActiveCfg = Release|Any CPU
		{2B40B5D1-799F-4DFF-98D4-BED6CC61B954}.Release|Any CPU.Build.0 = Release|Any CPU
		{AB44FD4D-C52B-4FF9-B895-7A147A060C20}.Debug|Any CPU.ActiveCfg = Debug|Any CPU
		{AB44FD4D-C52B-4FF9-B895-7A147A060C20}.Debug|Any CPU.Build.0 = Debug|Any CPU
		{AB44FD4D-C52B-4FF9-B895-7A147A060C20}.Release|Any CPU.ActiveCfg = Release|Any CPU
		{AB44FD4D-C52B-4FF9-B895-7A147A060C20}.Release|Any CPU.Build.0 = Release|Any CPU
		{3A503228-DE5F-4895-9C75-DB4604F1D04A}.Debug|Any CPU.ActiveCfg = Debug|Any CPU
		{3A503228-DE5F-4895-9C75-DB4604F1D04A}.Debug|Any CPU.Build.0 = Debug|Any CPU
		{3A503228-DE5F-4895-9C75-DB4604F1D04A}.Release|Any CPU.ActiveCfg = Release|Any CPU
		{3A503228-DE5F-4895-9C75-DB4604F1D04A}.Release|Any CPU.Build.0 = Release|Any CPU
		{0A629A69-8E89-4E52-B633-9FA3FB842BC7}.Debug|Any CPU.ActiveCfg = Debug|Any CPU
		{0A629A69-8E89-4E52-B633-9FA3FB842BC7}.Debug|Any CPU.Build.0 = Debug|Any CPU
		{0A629A69-8E89-4E52-B633-9FA3FB842BC7}.Release|Any CPU.ActiveCfg = Release|Any CPU
		{0A629A69-8E89-4E52-B633-9FA3FB842BC7}.Release|Any CPU.Build.0 = Release|Any CPU
		{E6925AD1-C497-468C-A9C9-76F583415D9C}.Debug|Any CPU.ActiveCfg = Debug|Any CPU
		{E6925AD1-C497-468C-A9C9-76F583415D9C}.Debug|Any CPU.Build.0 = Debug|Any CPU
		{E6925AD1-C497-468C-A9C9-76F583415D9C}.Release|Any CPU.ActiveCfg = Release|Any CPU
		{E6925AD1-C497-468C-A9C9-76F583415D9C}.Release|Any CPU.Build.0 = Release|Any CPU
		{88046068-168D-41A4-B23B-09A60CC9AF05}.Debug|Any CPU.ActiveCfg = Debug|Any CPU
		{88046068-168D-41A4-B23B-09A60CC9AF05}.Debug|Any CPU.Build.0 = Debug|Any CPU
		{88046068-168D-41A4-B23B-09A60CC9AF05}.Release|Any CPU.ActiveCfg = Release|Any CPU
		{88046068-168D-41A4-B23B-09A60CC9AF05}.Release|Any CPU.Build.0 = Release|Any CPU
	EndGlobalSection
EndGlobal
